
Microsoft Visual Studio Solution File, Format Version 12.00
# Visual Studio Version 17
VisualStudioVersion = 17.0.31521.260
MinimumVisualStudioVersion = 10.0.40219.1
Project("{9A19103F-16F7-4668-BE54-9A1E7A4F7556}") = "Service_API", "Service_API\Service_API.csproj", "{90D4DBC7-FC9F-4E55-85FE-300F52AD86F1}"
EndProject
Project("{9A19103F-16F7-4668-BE54-9A1E7A4F7556}") = "ClientApp", "ClientApp\ClientApp.csproj", "{A925CAEA-4FF4-4092-AD35-62200DAA1204}"
EndProject
Global
	GlobalSection(SolutionConfigurationPlatforms) = preSolution
		Debug|Any CPU = Debug|Any CPU
		Release|Any CPU = Release|Any CPU
	EndGlobalSection
	GlobalSection(ProjectConfigurationPlatforms) = postSolution
		{90D4DBC7-FC9F-4E55-85FE-300F52AD86F1}.Debug|Any CPU.ActiveCfg = Debug|Any CPU
		{90D4DBC7-FC9F-4E55-85FE-300F52AD86F1}.Debug|Any CPU.Build.0 = Debug|Any CPU
		{90D4DBC7-FC9F-4E55-85FE-300F52AD86F1}.Release|Any CPU.ActiveCfg = Release|Any CPU
		{90D4DBC7-FC9F-4E55-85FE-300F52AD86F1}.Release|Any CPU.Build.0 = Release|Any CPU
		{A925CAEA-4FF4-4092-AD35-62200DAA1204}.Debug|Any CPU.ActiveCfg = Debug|Any CPU
		{A925CAEA-4FF4-4092-AD35-62200DAA1204}.Debug|Any CPU.Build.0 = Debug|Any CPU
		{A925CAEA-4FF4-4092-AD35-62200DAA1204}.Release|Any CPU.ActiveCfg = Release|Any CPU
		{A925CAEA-4FF4-4092-AD35-62200DAA1204}.Release|Any CPU.Build.0 = Release|Any CPU
	EndGlobalSection
	GlobalSection(SolutionProperties) = preSolution
		HideSolutionNode = FALSE
	EndGlobalSection
	GlobalSection(ExtensibilityGlobals) = postSolution
		SolutionGuid = {3BE4D9CE-6561-4834-9626-B0BFFDDC7B61}
	EndGlobalSection
EndGlobal
